// !$*UTF8*$!
{
	archiveVersion = 1;
	classes = {
	};
	objectVersion = 46;
	objects = {

/* Begin PBXBuildFile section */
		853D338D1DE2D4B60090A23F /* main.m in Sources */ = {isa = PBXBuildFile; fileRef = 853D338C1DE2D4B60090A23F /* main.m */; };
		853D33951DE2D4D00090A23F /* Person.m in Sources */ = {isa = PBXBuildFile; fileRef = 853D33941DE2D4D00090A23F /* Person.m */; };
		853D33981DE2D75A0090A23F /* Car.m in Sources */ = {isa = PBXBuildFile; fileRef = 853D33971DE2D75A0090A23F /* Car.m */; };
		853D339B1DE2D8BC0090A23F /* Animal.m in Sources */ = {isa = PBXBuildFile; fileRef = 853D339A1DE2D8BC0090A23F /* Animal.m */; };
/* End PBXBuildFile section */

/* Begin PBXCopyFilesBuildPhase section */
		853D33871DE2D4B60090A23F /* CopyFiles */ = {
			isa = PBXCopyFilesBuildPhase;
			buildActionMask = 2147483647;
			dstPath = /usr/share/man/man1/;
			dstSubfolderSpec = 0;
			files = (
			);
			runOnlyForDeploymentPostprocessing = 1;
		};
/* End PBXCopyFilesBuildPhase section */

/* Begin PBXFileReference section */
		853D33891DE2D4B60090A23F /* MessageForwarding */ = {isa = PBXFileReference; explicitFileType = "compiled.mach-o.executable"; includeInIndex = 0; path = MessageForwarding; sourceTree = BUILT_PRODUCTS_DIR; };
		853D338C1DE2D4B60090A23F /* main.m */ = {isa = PBXFileReference; lastKnownFileType = sourcecode.c.objc; path = main.m; sourceTree = "<group>"; };
		853D33931DE2D4D00090A23F /* Person.h */ = {isa = PBXFileReference; fileEncoding = 4; lastKnownFileType = sourcecode.c.h; path = Person.h; sourceTree = "<group>"; };
		853D33941DE2D4D00090A23F /* Person.m */ = {isa = PBXFileReference; fileEncoding = 4; lastKnownFileType = sourcecode.c.objc; path = Person.m; sourceTree = "<group>"; };
		853D33961DE2D75A0090A23F /* Car.h */ = {isa = PBXFileReference; fileEncoding = 4; lastKnownFileType = sourcecode.c.h; path = Car.h; sourceTree = "<group>"; };
		853D33971DE2D75A0090A23F /* Car.m */ = {isa = PBXFileReference; fileEncoding = 4; lastKnownFileType = sourcecode.c.objc; path = Car.m; sourceTree = "<group>"; };
		853D33991DE2D8BC0090A23F /* Animal.h */ = {isa = PBXFileReference; fileEncoding = 4; lastKnownFileType = sourcecode.c.h; path = Animal.h; sourceTree = "<group>"; };
		853D339A1DE2D8BC0090A23F /* Animal.m */ = {isa = PBXFileReference; fileEncoding = 4; lastKnownFileType = sourcecode.c.objc; path = Animal.m; sourceTree = "<group>"; };
/* End PBXFileReference section */

/* Begin PBXFrameworksBuildPhase section */
		853D33861DE2D4B60090A23F /* Frameworks */ = {
			isa = PBXFrameworksBuildPhase;
			buildActionMask = 2147483647;
			files = (
			);
			runOnlyForDeploymentPostprocessing = 0;
		};
/* End PBXFrameworksBuildPhase section */

/* Begin PBXGroup section */
		853D33801DE2D4B60090A23F = {
			isa = PBXGroup;
			children = (
				853D338B1DE2D4B60090A23F /* MessageForwarding */,
				853D338A1DE2D4B60090A23F /* Products */,
			);
			sourceTree = "<group>";
		};
		853D338A1DE2D4B60090A23F /* Products */ = {
			isa = PBXGroup;
			children = (
				853D33891DE2D4B60090A23F /* MessageForwarding */,
			);
			name = Products;
			sourceTree = "<group>";
		};
		853D338B1DE2D4B60090A23F /* MessageForwarding */ = {
			isa = PBXGroup;
			children = (
				853D338C1DE2D4B60090A23F /* main.m */,
				853D33931DE2D4D00090A23F /* Person.h */,
				853D33941DE2D4D00090A23F /* Person.m */,
				853D33961DE2D75A0090A23F /* Car.h */,
				853D33971DE2D75A0090A23F /* Car.m */,
				853D33991DE2D8BC0090A23F /* Animal.h */,
				853D339A1DE2D8BC0090A23F /* Animal.m */,
			);
			path = MessageForwarding;
			sourceTree = "<group>";
		};
/* End PBXGroup section */

/* Begin PBXNativeTarget section */
		853D33881DE2D4B60090A23F /* MessageForwarding */ = {
			isa = PBXNativeTarget;
			buildConfigurationList = 853D33901DE2D4B60090A23F /* Build configuration list for PBXNativeTarget "MessageForwarding" */;
			buildPhases = (
				853D33851DE2D4B60090A23F /* Sources */,
				853D33861DE2D4B60090A23F /* Frameworks */,
				853D33871DE2D4B60090A23F /* CopyFiles */,
			);
			buildRules = (
			);
			dependencies = (
			);
			name = MessageForwarding;
			productName = MessageForwarding;
			productReference = 853D33891DE2D4B60090A23F /* MessageForwarding */;
			productType = "com.apple.product-type.tool";
		};
/* End PBXNativeTarget section */

/* Begin PBXProject section */
		853D33811DE2D4B60090A23F /* Project object */ = {
			isa = PBXProject;
			attributes = {
				LastUpgradeCheck = 0730;
				ORGANIZATIONNAME = mp;
				TargetAttributes = {
					853D33881DE2D4B60090A23F = {
						CreatedOnToolsVersion = 7.3;
					};
				};
			};
			buildConfigurationList = 853D33841DE2D4B60090A23F /* Build configuration list for PBXProject "MessageForwarding" */;
			compatibilityVersion = "Xcode 3.2";
			developmentRegion = English;
			hasScannedForEncodings = 0;
			knownRegions = (
				en,
			);
			mainGroup = 853D33801DE2D4B60090A23F;
			productRefGroup = 853D338A1DE2D4B60090A23F /* Products */;
			projectDirPath = "";
			projectRoot = "";
			targets = (
				853D33881DE2D4B60090A23F /* MessageForwarding */,
			);
		};
/* End PBXProject section */

/* Begin PBXSourcesBuildPhase section */
		853D33851DE2D4B60090A23F /* Sources */ = {
			isa = PBXSourcesBuildPhase;
			buildActionMask = 2147483647;
			files = (
				853D33981DE2D75A0090A23F /* Car.m in Sources */,
				853D339B1DE2D8BC0090A23F /* Animal.m in Sources */,
				853D33951DE2D4D00090A23F /* Person.m in Sources */,
				853D338D1DE2D4B60090A23F /* main.m in Sources */,
			);
			runOnlyForDeploymentPostprocessing = 0;
		};
/* End PBXSourcesBuildPhase section */

/* Begin XCBuildConfiguration section */
		853D338E1DE2D4B60090A23F /* Debug */ = {
			isa = XCBuildConfiguration;
			buildSettings = {
				ALWAYS_SEARCH_USER_PATHS = NO;
				CLANG_ANALYZER_NONNULL = YES;
				CLANG_CXX_LANGUAGE_STANDARD = "gnu++0x";
				CLANG_CXX_LIBRARY = "libc++";
				CLANG_ENABLE_MODULES = YES;
				CLANG_ENABLE_OBJC_ARC = YES;
				CLANG_WARN_BOOL_CONVERSION = YES;
				CLANG_WARN_CONSTANT_CONVERSION = YES;
				CLANG_WARN_DIRECT_OBJC_ISA_USAGE = YES_ERROR;
				CLANG_WARN_EMPTY_BODY = YES;
				CLANG_WARN_ENUM_CONVERSION = YES;
				CLANG_WARN_INT_CONVERSION = YES;
				CLANG_WARN_OBJC_ROOT_CLASS = YES_ERROR;
				CLANG_WARN_UNREACHABLE_CODE = YES;
				CLANG_WARN__DUPLICATE_METHOD_MATCH = YES;
				CODE_SIGN_IDENTITY = "-";
				COPY_PHASE_STRIP = NO;
				DEBUG_INFORMATION_FORMAT = dwarf;
				ENABLE_STRICT_OBJC_MSGSEND = YES;
				ENABLE_TESTABILITY = YES;
				GCC_C_LANGUAGE_STANDARD = gnu99;
				GCC_DYNAMIC_NO_PIC = NO;
				GCC_NO_COMMON_BLOCKS = YES;
				GCC_OPTIMIZATION_LEVEL = 0;
				GCC_PREPROCESSOR_DEFINITIONS = (
					"DEBUG=1",
					"$(inherited)",
				);
				GCC_WARN_64_TO_32_BIT_CONVERSION = YES;
				GCC_WARN_ABOUT_RETURN_TYPE = YES_ERROR;
				GCC_WARN_UNDECLARED_SELECTOR = YES;
				GCC_WARN_UNINITIALIZED_AUTOS = YES_AGGRESSIVE;
				GCC_WARN_UNUSED_FUNCTION = YES;
				GCC_WARN_UNUSED_VARIABLE = YES;
				MACOSX_DEPLOYMENT_TARGET = 10.12;
				MTL_ENABLE_DEBUG_INFO = YES;
				ONLY_ACTIVE_ARCH = YES;
				SDKROOT = macosx;
			};
			name = Debug;
		};
		853D338F1DE2D4B60090A23F /* Release */ = {
			isa = XCBuildConfiguration;
			buildSettings = {
				ALWAYS_SEARCH_USER_PATHS = NO;
				CLANG_ANALYZER_NONNULL = YES;
				CLANG_CXX_LANGUAGE_STANDARD = "gnu++0x";
				CLANG_CXX_LIBRARY = "libc++";
				CLANG_ENABLE_MODULES = YES;
				CLANG_ENABLE_OBJC_ARC = YES;
				CLANG_WARN_BOOL_CONVERSION = YES;
				CLANG_WARN_CONSTANT_CONVERSION = YES;
				CLANG_WARN_DIRECT_OBJC_ISA_USAGE = YES_ERROR;
				CLANG_WARN_EMPTY_BODY = YES;
				CLANG_WARN_ENUM_CONVERSION = YES;
				CLANG_WARN_INT_CONVERSION = YES;
				CLANG_WARN_OBJC_ROOT_CLASS = YES_ERROR;
				CLANG_WARN_UNREACHABLE_CODE = YES;
				CLANG_WARN__DUPLICATE_METHOD_MATCH = YES;
				CODE_SIGN_IDENTITY = "-";
				COPY_PHASE_STRIP = NO;
				DEBUG_INFORMATION_FORMAT = "dwarf-with-dsym";
				ENABLE_NS_ASSERTIONS = NO;
				ENABLE_STRICT_OBJC_MSGSEND = YES;
				GCC_C_LANGUAGE_STANDARD = gnu99;
				GCC_NO_COMMON_BLOCKS = YES;
				GCC_WARN_64_TO_32_BIT_CONVERSION = YES;
				GCC_WARN_ABOUT_RETURN_TYPE = YES_ERROR;
				GCC_WARN_UNDECLARED_SELECTOR = YES;
				GCC_WARN_UNINITIALIZED_AUTOS = YES_AGGRESSIVE;
				GCC_WARN_UNUSED_FUNCTION = YES;
				GCC_WARN_UNUSED_VARIABLE = YES;
				MACOSX_DEPLOYMENT_TARGET = 10.12;
				MTL_ENABLE_DEBUG_INFO = NO;
				SDKROOT = macosx;
			};
			name = Release;
		};
		853D33911DE2D4B60090A23F /* Debug */ = {
			isa = XCBuildConfiguration;
			buildSettings = {
				PRODUCT_NAME = "$(TARGET_NAME)";
			};
			name = Debug;
		};
		853D33921DE2D4B60090A23F /* Release */ = {
			isa = XCBuildConfiguration;
			buildSettings = {
				PRODUCT_NAME = "$(TARGET_NAME)";
			};
			name = Release;
		};
/* End XCBuildConfiguration section */

/* Begin XCConfigurationList section */
		853D33841DE2D4B60090A23F /* Build configuration list for PBXProject "MessageForwarding" */ = {
			isa = XCConfigurationList;
			buildConfigurations = (
				853D338E1DE2D4B60090A23F /* Debug */,
				853D338F1DE2D4B60090A23F /* Release */,
			);
			defaultConfigurationIsVisible = 0;
			defaultConfigurationName = Release;
		};
		853D33901DE2D4B60090A23F /* Build configuration list for PBXNativeTarget "MessageForwarding" */ = {
			isa = XCConfigurationList;
			buildConfigurations = (
				853D33911DE2D4B60090A23F /* Debug */,
				853D33921DE2D4B60090A23F /* Release */,
			);
			defaultConfigurationIsVisible = 0;
		};
/* End XCConfigurationList section */
	};
	rootObject = 853D33811DE2D4B60090A23F /* Project object */;
}
